// !$*UTF8*$!
{
	archiveVersion = 1;
	classes = {
	};
	objectVersion = 50;
	objects = {

/* Begin PBXBuildFile section */
		0482F98226A0C03000F4A633 /* AppDelegate.swift in Sources */ = {isa = PBXBuildFile; fileRef = 0482F98126A0C03000F4A633 /* AppDelegate.swift */; };
		0482F98426A0C03000F4A633 /* SceneDelegate.swift in Sources */ = {isa = PBXBuildFile; fileRef = 0482F98326A0C03000F4A633 /* SceneDelegate.swift */; };
		0482F98626A0C03000F4A633 /* HomeViewController.swift in Sources */ = {isa = PBXBuildFile; fileRef = 0482F98526A0C03000F4A633 /* HomeViewController.swift */; };
		0482F98B26A0C03200F4A633 /* Assets.xcassets in Resources */ = {isa = PBXBuildFile; fileRef = 0482F98A26A0C03200F4A633 /* Assets.xcassets */; };
		0482F98E26A0C03200F4A633 /* LaunchScreen.storyboard in Resources */ = {isa = PBXBuildFile; fileRef = 0482F98C26A0C03200F4A633 /* LaunchScreen.storyboard */; };
		04F36D1B26A0C46B006DD5EE /* TabBarViewController.swift in Sources */ = {isa = PBXBuildFile; fileRef = 04F36D1A26A0C46B006DD5EE /* TabBarViewController.swift */; };
		04F36D1D26A0C4D6006DD5EE /* SearchViewController.swift in Sources */ = {isa = PBXBuildFile; fileRef = 04F36D1C26A0C4D6006DD5EE /* SearchViewController.swift */; };
		04F36D1F26A0C51A006DD5EE /* LibraryViewController.swift in Sources */ = {isa = PBXBuildFile; fileRef = 04F36D1E26A0C51A006DD5EE /* LibraryViewController.swift */; };
		04F36D2326A0C56A006DD5EE /* AuthViewController.swift in Sources */ = {isa = PBXBuildFile; fileRef = 04F36D2226A0C56A006DD5EE /* AuthViewController.swift */; };
		04F36D2526A0C57E006DD5EE /* WelcomeViewController.swift in Sources */ = {isa = PBXBuildFile; fileRef = 04F36D2426A0C57D006DD5EE /* WelcomeViewController.swift */; };
		04F36D2726A0C592006DD5EE /* SettingsViewController.swift in Sources */ = {isa = PBXBuildFile; fileRef = 04F36D2626A0C592006DD5EE /* SettingsViewController.swift */; };
		04F36D2926A0C5AC006DD5EE /* ProfileViewController.swift in Sources */ = {isa = PBXBuildFile; fileRef = 04F36D2826A0C5AC006DD5EE /* ProfileViewController.swift */; };
		04F36D2B26A0C5C5006DD5EE /* PlayerViewController.swift in Sources */ = {isa = PBXBuildFile; fileRef = 04F36D2A26A0C5C5006DD5EE /* PlayerViewController.swift */; };
		04F36D2D26A0CF6D006DD5EE /* PlaylistViewController.swift in Sources */ = {isa = PBXBuildFile; fileRef = 04F36D2C26A0CF6D006DD5EE /* PlaylistViewController.swift */; };
		04F36D2F26A0CF9A006DD5EE /* SearchResultsViewController.swift in Sources */ = {isa = PBXBuildFile; fileRef = 04F36D2E26A0CF9A006DD5EE /* SearchResultsViewController.swift */; };
		04F36D3126A0CFF3006DD5EE /* AuthManager.swift in Sources */ = {isa = PBXBuildFile; fileRef = 04F36D3026A0CFF3006DD5EE /* AuthManager.swift */; };
		04F36D3326A0D017006DD5EE /* APICaller.swift in Sources */ = {isa = PBXBuildFile; fileRef = 04F36D3226A0D017006DD5EE /* APICaller.swift */; };
		04F36D3526A0D046006DD5EE /* HapticsManager.swift in Sources */ = {isa = PBXBuildFile; fileRef = 04F36D3426A0D046006DD5EE /* HapticsManager.swift */; };
		04F36D3826A0D09E006DD5EE /* Playlist.swift in Sources */ = {isa = PBXBuildFile; fileRef = 04F36D3726A0D09E006DD5EE /* Playlist.swift */; };
		04F36D3A26A0D0B9006DD5EE /* AudioTrack.swift in Sources */ = {isa = PBXBuildFile; fileRef = 04F36D3926A0D0B9006DD5EE /* AudioTrack.swift */; };
		04F36D3C26A0D0D1006DD5EE /* Artist.swift in Sources */ = {isa = PBXBuildFile; fileRef = 04F36D3B26A0D0D1006DD5EE /* Artist.swift */; };
		04F36D3E26A0D0F3006DD5EE /* UserProfile.swift in Sources */ = {isa = PBXBuildFile; fileRef = 04F36D3D26A0D0F3006DD5EE /* UserProfile.swift */; };
		04F36D4026A103C4006DD5EE /* Extensions.swift in Sources */ = {isa = PBXBuildFile; fileRef = 04F36D3F26A103C4006DD5EE /* Extensions.swift */; };
/* End PBXBuildFile section */

/* Begin PBXFileReference section */
		0482F97E26A0C03000F4A633 /* spotify.app */ = {isa = PBXFileReference; explicitFileType = wrapper.application; includeInIndex = 0; path = spotify.app; sourceTree = BUILT_PRODUCTS_DIR; };
		0482F98126A0C03000F4A633 /* AppDelegate.swift */ = {isa = PBXFileReference; lastKnownFileType = sourcecode.swift; path = AppDelegate.swift; sourceTree = "<group>"; };
		0482F98326A0C03000F4A633 /* SceneDelegate.swift */ = {isa = PBXFileReference; lastKnownFileType = sourcecode.swift; path = SceneDelegate.swift; sourceTree = "<group>"; };
		0482F98526A0C03000F4A633 /* HomeViewController.swift */ = {isa = PBXFileReference; lastKnownFileType = sourcecode.swift; path = HomeViewController.swift; sourceTree = "<group>"; };
		0482F98A26A0C03200F4A633 /* Assets.xcassets */ = {isa = PBXFileReference; lastKnownFileType = folder.assetcatalog; path = Assets.xcassets; sourceTree = "<group>"; };
		0482F98D26A0C03200F4A633 /* Base */ = {isa = PBXFileReference; lastKnownFileType = file.storyboard; name = Base; path = Base.lproj/LaunchScreen.storyboard; sourceTree = "<group>"; };
		0482F98F26A0C03200F4A633 /* Info.plist */ = {isa = PBXFileReference; lastKnownFileType = text.plist.xml; path = Info.plist; sourceTree = "<group>"; };
		04F36D1A26A0C46B006DD5EE /* TabBarViewController.swift */ = {isa = PBXFileReference; lastKnownFileType = sourcecode.swift; path = TabBarViewController.swift; sourceTree = "<group>"; };
		04F36D1C26A0C4D6006DD5EE /* SearchViewController.swift */ = {isa = PBXFileReference; lastKnownFileType = sourcecode.swift; path = SearchViewController.swift; sourceTree = "<group>"; };
		04F36D1E26A0C51A006DD5EE /* LibraryViewController.swift */ = {isa = PBXFileReference; lastKnownFileType = sourcecode.swift; path = LibraryViewController.swift; sourceTree = "<group>"; };
		04F36D2226A0C56A006DD5EE /* AuthViewController.swift */ = {isa = PBXFileReference; lastKnownFileType = sourcecode.swift; path = AuthViewController.swift; sourceTree = "<group>"; };
		04F36D2426A0C57D006DD5EE /* WelcomeViewController.swift */ = {isa = PBXFileReference; lastKnownFileType = sourcecode.swift; path = WelcomeViewController.swift; sourceTree = "<group>"; };
		04F36D2626A0C592006DD5EE /* SettingsViewController.swift */ = {isa = PBXFileReference; lastKnownFileType = sourcecode.swift; path = SettingsViewController.swift; sourceTree = "<group>"; };
		04F36D2826A0C5AC006DD5EE /* ProfileViewController.swift */ = {isa = PBXFileReference; lastKnownFileType = sourcecode.swift; path = ProfileViewController.swift; sourceTree = "<group>"; };
		04F36D2A26A0C5C5006DD5EE /* PlayerViewController.swift */ = {isa = PBXFileReference; lastKnownFileType = sourcecode.swift; path = PlayerViewController.swift; sourceTree = "<group>"; };
		04F36D2C26A0CF6D006DD5EE /* PlaylistViewController.swift */ = {isa = PBXFileReference; lastKnownFileType = sourcecode.swift; path = PlaylistViewController.swift; sourceTree = "<group>"; };
		04F36D2E26A0CF9A006DD5EE /* SearchResultsViewController.swift */ = {isa = PBXFileReference; lastKnownFileType = sourcecode.swift; path = SearchResultsViewController.swift; sourceTree = "<group>"; };
		04F36D3026A0CFF3006DD5EE /* AuthManager.swift */ = {isa = PBXFileReference; lastKnownFileType = sourcecode.swift; path = AuthManager.swift; sourceTree = "<group>"; };
		04F36D3226A0D017006DD5EE /* APICaller.swift */ = {isa = PBXFileReference; lastKnownFileType = sourcecode.swift; path = APICaller.swift; sourceTree = "<group>"; };
		04F36D3426A0D046006DD5EE /* HapticsManager.swift */ = {isa = PBXFileReference; lastKnownFileType = sourcecode.swift; path = HapticsManager.swift; sourceTree = "<group>"; };
		04F36D3726A0D09E006DD5EE /* Playlist.swift */ = {isa = PBXFileReference; lastKnownFileType = sourcecode.swift; path = Playlist.swift; sourceTree = "<group>"; };
		04F36D3926A0D0B9006DD5EE /* AudioTrack.swift */ = {isa = PBXFileReference; lastKnownFileType = sourcecode.swift; path = AudioTrack.swift; sourceTree = "<group>"; };
		04F36D3B26A0D0D1006DD5EE /* Artist.swift */ = {isa = PBXFileReference; lastKnownFileType = sourcecode.swift; path = Artist.swift; sourceTree = "<group>"; };
		04F36D3D26A0D0F3006DD5EE /* UserProfile.swift */ = {isa = PBXFileReference; lastKnownFileType = sourcecode.swift; path = UserProfile.swift; sourceTree = "<group>"; };
		04F36D3F26A103C4006DD5EE /* Extensions.swift */ = {isa = PBXFileReference; lastKnownFileType = sourcecode.swift; path = Extensions.swift; sourceTree = "<group>"; };
/* End PBXFileReference section */

/* Begin PBXFrameworksBuildPhase section */
		0482F97B26A0C03000F4A633 /* Frameworks */ = {
			isa = PBXFrameworksBuildPhase;
			buildActionMask = 2147483647;
			files = (
			);
			runOnlyForDeploymentPostprocessing = 0;
		};
/* End PBXFrameworksBuildPhase section */

/* Begin PBXGroup section */
		0482F97526A0C03000F4A633 = {
			isa = PBXGroup;
			children = (
				0482F98026A0C03000F4A633 /* spotify */,
				0482F97F26A0C03000F4A633 /* Products */,
			);
			sourceTree = "<group>";
		};
		0482F97F26A0C03000F4A633 /* Products */ = {
			isa = PBXGroup;
			children = (
				0482F97E26A0C03000F4A633 /* spotify.app */,
			);
			name = Products;
			sourceTree = "<group>";
		};
		0482F98026A0C03000F4A633 /* spotify */ = {
			isa = PBXGroup;
			children = (
				04F36D3626A0D078006DD5EE /* Models */,
				0482F99926A0C11500F4A633 /* Resources */,
				0482F99826A0C0F900F4A633 /* Managers */,
				0482F99726A0C0E700F4A633 /* ViewModels */,
				0482F99626A0C0CF00F4A633 /* Views */,
				0482F99526A0C0C700F4A633 /* Controllers */,
				0482F98F26A0C03200F4A633 /* Info.plist */,
			);
			path = spotify;
			sourceTree = "<group>";
		};
		0482F99526A0C0C700F4A633 /* Controllers */ = {
			isa = PBXGroup;
			children = (
				04F36D2126A0C54D006DD5EE /* Other */,
				04F36D2026A0C52C006DD5EE /* Core */,
			);
			path = Controllers;
			sourceTree = "<group>";
		};
		0482F99626A0C0CF00F4A633 /* Views */ = {
			isa = PBXGroup;
			children = (
				0482F98C26A0C03200F4A633 /* LaunchScreen.storyboard */,
			);
			path = Views;
			sourceTree = "<group>";
		};
		0482F99726A0C0E700F4A633 /* ViewModels */ = {
			isa = PBXGroup;
			children = (
			);
			path = ViewModels;
			sourceTree = "<group>";
		};
		0482F99826A0C0F900F4A633 /* Managers */ = {
			isa = PBXGroup;
			children = (
				04F36D3026A0CFF3006DD5EE /* AuthManager.swift */,
				04F36D3226A0D017006DD5EE /* APICaller.swift */,
				04F36D3426A0D046006DD5EE /* HapticsManager.swift */,
			);
			path = Managers;
			sourceTree = "<group>";
		};
		0482F99926A0C11500F4A633 /* Resources */ = {
			isa = PBXGroup;
			children = (
				0482F98A26A0C03200F4A633 /* Assets.xcassets */,
				0482F98126A0C03000F4A633 /* AppDelegate.swift */,
				0482F98326A0C03000F4A633 /* SceneDelegate.swift */,
				04F36D3F26A103C4006DD5EE /* Extensions.swift */,
			);
			path = Resources;
			sourceTree = "<group>";
		};
		04F36D2026A0C52C006DD5EE /* Core */ = {
			isa = PBXGroup;
			children = (
				0482F98526A0C03000F4A633 /* HomeViewController.swift */,
				04F36D1A26A0C46B006DD5EE /* TabBarViewController.swift */,
				04F36D1C26A0C4D6006DD5EE /* SearchViewController.swift */,
				04F36D1E26A0C51A006DD5EE /* LibraryViewController.swift */,
			);
			path = Core;
			sourceTree = "<group>";
		};
		04F36D2126A0C54D006DD5EE /* Other */ = {
			isa = PBXGroup;
			children = (
				04F36D2226A0C56A006DD5EE /* AuthViewController.swift */,
				04F36D2426A0C57D006DD5EE /* WelcomeViewController.swift */,
				04F36D2626A0C592006DD5EE /* SettingsViewController.swift */,
				04F36D2826A0C5AC006DD5EE /* ProfileViewController.swift */,
				04F36D2A26A0C5C5006DD5EE /* PlayerViewController.swift */,
				04F36D2C26A0CF6D006DD5EE /* PlaylistViewController.swift */,
				04F36D2E26A0CF9A006DD5EE /* SearchResultsViewController.swift */,
			);
			path = Other;
			sourceTree = "<group>";
		};
		04F36D3626A0D078006DD5EE /* Models */ = {
			isa = PBXGroup;
			children = (
				04F36D3726A0D09E006DD5EE /* Playlist.swift */,
				04F36D3926A0D0B9006DD5EE /* AudioTrack.swift */,
				04F36D3B26A0D0D1006DD5EE /* Artist.swift */,
				04F36D3D26A0D0F3006DD5EE /* UserProfile.swift */,
			);
			path = Models;
			sourceTree = "<group>";
		};
/* End PBXGroup section */

/* Begin PBXNativeTarget section */
		0482F97D26A0C03000F4A633 /* spotify */ = {
			isa = PBXNativeTarget;
			buildConfigurationList = 0482F99226A0C03200F4A633 /* Build configuration list for PBXNativeTarget "spotify" */;
			buildPhases = (
				0482F97A26A0C03000F4A633 /* Sources */,
				0482F97B26A0C03000F4A633 /* Frameworks */,
				0482F97C26A0C03000F4A633 /* Resources */,
			);
			buildRules = (
			);
			dependencies = (
			);
			name = spotify;
			productName = spotify;
			productReference = 0482F97E26A0C03000F4A633 /* spotify.app */;
			productType = "com.apple.product-type.application";
		};
/* End PBXNativeTarget section */

/* Begin PBXProject section */
		0482F97626A0C03000F4A633 /* Project object */ = {
			isa = PBXProject;
			attributes = {
				LastSwiftUpdateCheck = 1250;
				LastUpgradeCheck = 1250;
				TargetAttributes = {
					0482F97D26A0C03000F4A633 = {
						CreatedOnToolsVersion = 12.5.1;
					};
				};
			};
			buildConfigurationList = 0482F97926A0C03000F4A633 /* Build configuration list for PBXProject "spotify" */;
			compatibilityVersion = "Xcode 9.3";
			developmentRegion = en;
			hasScannedForEncodings = 0;
			knownRegions = (
				en,
				Base,
			);
			mainGroup = 0482F97526A0C03000F4A633;
			productRefGroup = 0482F97F26A0C03000F4A633 /* Products */;
			projectDirPath = "";
			projectRoot = "";
			targets = (
				0482F97D26A0C03000F4A633 /* spotify */,
			);
		};
/* End PBXProject section */

/* Begin PBXResourcesBuildPhase section */
		0482F97C26A0C03000F4A633 /* Resources */ = {
			isa = PBXResourcesBuildPhase;
			buildActionMask = 2147483647;
			files = (
				0482F98E26A0C03200F4A633 /* LaunchScreen.storyboard in Resources */,
				0482F98B26A0C03200F4A633 /* Assets.xcassets in Resources */,
			);
			runOnlyForDeploymentPostprocessing = 0;
		};
/* End PBXResourcesBuildPhase section */

/* Begin PBXSourcesBuildPhase section */
		0482F97A26A0C03000F4A633 /* Sources */ = {
			isa = PBXSourcesBuildPhase;
			buildActionMask = 2147483647;
			files = (
				04F36D1D26A0C4D6006DD5EE /* SearchViewController.swift in Sources */,
				04F36D3826A0D09E006DD5EE /* Playlist.swift in Sources */,
				04F36D3126A0CFF3006DD5EE /* AuthManager.swift in Sources */,
				04F36D2F26A0CF9A006DD5EE /* SearchResultsViewController.swift in Sources */,
				04F36D2526A0C57E006DD5EE /* WelcomeViewController.swift in Sources */,
				04F36D2926A0C5AC006DD5EE /* ProfileViewController.swift in Sources */,
				04F36D1B26A0C46B006DD5EE /* TabBarViewController.swift in Sources */,
				04F36D3526A0D046006DD5EE /* HapticsManager.swift in Sources */,
				04F36D3A26A0D0B9006DD5EE /* AudioTrack.swift in Sources */,
				0482F98626A0C03000F4A633 /* HomeViewController.swift in Sources */,
				04F36D2326A0C56A006DD5EE /* AuthViewController.swift in Sources */,
				0482F98226A0C03000F4A633 /* AppDelegate.swift in Sources */,
				04F36D3E26A0D0F3006DD5EE /* UserProfile.swift in Sources */,
				04F36D4026A103C4006DD5EE /* Extensions.swift in Sources */,
				04F36D1F26A0C51A006DD5EE /* LibraryViewController.swift in Sources */,
				04F36D3C26A0D0D1006DD5EE /* Artist.swift in Sources */,
				04F36D2D26A0CF6D006DD5EE /* PlaylistViewController.swift in Sources */,
				0482F98426A0C03000F4A633 /* SceneDelegate.swift in Sources */,
				04F36D2B26A0C5C5006DD5EE /* PlayerViewController.swift in Sources */,
				04F36D3326A0D017006DD5EE /* APICaller.swift in Sources */,
				04F36D2726A0C592006DD5EE /* SettingsViewController.swift in Sources */,
			);
			runOnlyForDeploymentPostprocessing = 0;
		};
/* End PBXSourcesBuildPhase section */

/* Begin PBXVariantGroup section */
		0482F98C26A0C03200F4A633 /* LaunchScreen.storyboard */ = {
			isa = PBXVariantGroup;
			children = (
				0482F98D26A0C03200F4A633 /* Base */,
			);
			name = LaunchScreen.storyboard;
			sourceTree = "<group>";
		};
/* End PBXVariantGroup section */

/* Begin XCBuildConfiguration section */
		0482F99026A0C03200F4A633 /* Debug */ = {
			isa = XCBuildConfiguration;
			buildSettings = {
				ALWAYS_SEARCH_USER_PATHS = NO;
				CLANG_ANALYZER_NONNULL = YES;
				CLANG_ANALYZER_NUMBER_OBJECT_CONVERSION = YES_AGGRESSIVE;
				CLANG_CXX_LANGUAGE_STANDARD = "gnu++14";
				CLANG_CXX_LIBRARY = "libc++";
				CLANG_ENABLE_MODULES = YES;
				CLANG_ENABLE_OBJC_ARC = YES;
				CLANG_ENABLE_OBJC_WEAK = YES;
				CLANG_WARN_BLOCK_CAPTURE_AUTORELEASING = YES;
				CLANG_WARN_BOOL_CONVERSION = YES;
				CLANG_WARN_COMMA = YES;
				CLANG_WARN_CONSTANT_CONVERSION = YES;
				CLANG_WARN_DEPRECATED_OBJC_IMPLEMENTATIONS = YES;
				CLANG_WARN_DIRECT_OBJC_ISA_USAGE = YES_ERROR;
				CLANG_WARN_DOCUMENTATION_COMMENTS = YES;
				CLANG_WARN_EMPTY_BODY = YES;
				CLANG_WARN_ENUM_CONVERSION = YES;
				CLANG_WARN_INFINITE_RECURSION = YES;
				CLANG_WARN_INT_CONVERSION = YES;
				CLANG_WARN_NON_LITERAL_NULL_CONVERSION = YES;
				CLANG_WARN_OBJC_IMPLICIT_RETAIN_SELF = YES;
				CLANG_WARN_OBJC_LITERAL_CONVERSION = YES;
				CLANG_WARN_OBJC_ROOT_CLASS = YES_ERROR;
				CLANG_WARN_QUOTED_INCLUDE_IN_FRAMEWORK_HEADER = YES;
				CLANG_WARN_RANGE_LOOP_ANALYSIS = YES;
				CLANG_WARN_STRICT_PROTOTYPES = YES;
				CLANG_WARN_SUSPICIOUS_MOVE = YES;
				CLANG_WARN_UNGUARDED_AVAILABILITY = YES_AGGRESSIVE;
				CLANG_WARN_UNREACHABLE_CODE = YES;
				CLANG_WARN__DUPLICATE_METHOD_MATCH = YES;
				COPY_PHASE_STRIP = NO;
				DEBUG_INFORMATION_FORMAT = dwarf;
				ENABLE_STRICT_OBJC_MSGSEND = YES;
				ENABLE_TESTABILITY = YES;
				GCC_C_LANGUAGE_STANDARD = gnu11;
				GCC_DYNAMIC_NO_PIC = NO;
				GCC_NO_COMMON_BLOCKS = YES;
				GCC_OPTIMIZATION_LEVEL = 0;
				GCC_PREPROCESSOR_DEFINITIONS = (
					"DEBUG=1",
					"$(inherited)",
				);
				GCC_WARN_64_TO_32_BIT_CONVERSION = YES;
				GCC_WARN_ABOUT_RETURN_TYPE = YES_ERROR;
				GCC_WARN_UNDECLARED_SELECTOR = YES;
				GCC_WARN_UNINITIALIZED_AUTOS = YES_AGGRESSIVE;
				GCC_WARN_UNUSED_FUNCTION = YES;
				GCC_WARN_UNUSED_VARIABLE = YES;
				IPHONEOS_DEPLOYMENT_TARGET = 14.5;
				MTL_ENABLE_DEBUG_INFO = INCLUDE_SOURCE;
				MTL_FAST_MATH = YES;
				ONLY_ACTIVE_ARCH = YES;
				SDKROOT = iphoneos;
				SWIFT_ACTIVE_COMPILATION_CONDITIONS = DEBUG;
				SWIFT_OPTIMIZATION_LEVEL = "-Onone";
			};
			name = Debug;
		};
		0482F99126A0C03200F4A633 /* Release */ = {
			isa = XCBuildConfiguration;
			buildSettings = {
				ALWAYS_SEARCH_USER_PATHS = NO;
				CLANG_ANALYZER_NONNULL = YES;
				CLANG_ANALYZER_NUMBER_OBJECT_CONVERSION = YES_AGGRESSIVE;
				CLANG_CXX_LANGUAGE_STANDARD = "gnu++14";
				CLANG_CXX_LIBRARY = "libc++";
				CLANG_ENABLE_MODULES = YES;
				CLANG_ENABLE_OBJC_ARC = YES;
				CLANG_ENABLE_OBJC_WEAK = YES;
				CLANG_WARN_BLOCK_CAPTURE_AUTORELEASING = YES;
				CLANG_WARN_BOOL_CONVERSION = YES;
				CLANG_WARN_COMMA = YES;
				CLANG_WARN_CONSTANT_CONVERSION = YES;
				CLANG_WARN_DEPRECATED_OBJC_IMPLEMENTATIONS = YES;
				CLANG_WARN_DIRECT_OBJC_ISA_USAGE = YES_ERROR;
				CLANG_WARN_DOCUMENTATION_COMMENTS = YES;
				CLANG_WARN_EMPTY_BODY = YES;
				CLANG_WARN_ENUM_CONVERSION = YES;
				CLANG_WARN_INFINITE_RECURSION = YES;
				CLANG_WARN_INT_CONVERSION = YES;
				CLANG_WARN_NON_LITERAL_NULL_CONVERSION = YES;
				CLANG_WARN_OBJC_IMPLICIT_RETAIN_SELF = YES;
				CLANG_WARN_OBJC_LITERAL_CONVERSION = YES;
				CLANG_WARN_OBJC_ROOT_CLASS = YES_ERROR;
				CLANG_WARN_QUOTED_INCLUDE_IN_FRAMEWORK_HEADER = YES;
				CLANG_WARN_RANGE_LOOP_ANALYSIS = YES;
				CLANG_WARN_STRICT_PROTOTYPES = YES;
				CLANG_WARN_SUSPICIOUS_MOVE = YES;
				CLANG_WARN_UNGUARDED_AVAILABILITY = YES_AGGRESSIVE;
				CLANG_WARN_UNREACHABLE_CODE = YES;
				CLANG_WARN__DUPLICATE_METHOD_MATCH = YES;
				COPY_PHASE_STRIP = NO;
				DEBUG_INFORMATION_FORMAT = "dwarf-with-dsym";
				ENABLE_NS_ASSERTIONS = NO;
				ENABLE_STRICT_OBJC_MSGSEND = YES;
				GCC_C_LANGUAGE_STANDARD = gnu11;
				GCC_NO_COMMON_BLOCKS = YES;
				GCC_WARN_64_TO_32_BIT_CONVERSION = YES;
				GCC_WARN_ABOUT_RETURN_TYPE = YES_ERROR;
				GCC_WARN_UNDECLARED_SELECTOR = YES;
				GCC_WARN_UNINITIALIZED_AUTOS = YES_AGGRESSIVE;
				GCC_WARN_UNUSED_FUNCTION = YES;
				GCC_WARN_UNUSED_VARIABLE = YES;
				IPHONEOS_DEPLOYMENT_TARGET = 14.5;
				MTL_ENABLE_DEBUG_INFO = NO;
				MTL_FAST_MATH = YES;
				SDKROOT = iphoneos;
				SWIFT_COMPILATION_MODE = wholemodule;
				SWIFT_OPTIMIZATION_LEVEL = "-O";
				VALIDATE_PRODUCT = YES;
			};
			name = Release;
		};
		0482F99326A0C03200F4A633 /* Debug */ = {
			isa = XCBuildConfiguration;
			buildSettings = {
				ASSETCATALOG_COMPILER_APPICON_NAME = AppIcon;
				ASSETCATALOG_COMPILER_GLOBAL_ACCENT_COLOR_NAME = AccentColor;
				CODE_SIGN_STYLE = Automatic;
				DEVELOPMENT_TEAM = HR84A76Z27;
				INFOPLIST_FILE = spotify/Info.plist;
				IPHONEOS_DEPLOYMENT_TARGET = 14.5;
				LD_RUNPATH_SEARCH_PATHS = (
					"$(inherited)",
					"@executable_path/Frameworks",
				);
				PRODUCT_BUNDLE_IDENTIFIER = tv.demo.spotify;
				PRODUCT_NAME = "$(TARGET_NAME)";
				SWIFT_VERSION = 5.0;
				TARGETED_DEVICE_FAMILY = "1,2";
			};
			name = Debug;
		};
		0482F99426A0C03200F4A633 /* Release */ = {
			isa = XCBuildConfiguration;
			buildSettings = {
				ASSETCATALOG_COMPILER_APPICON_NAME = AppIcon;
				ASSETCATALOG_COMPILER_GLOBAL_ACCENT_COLOR_NAME = AccentColor;
				CODE_SIGN_STYLE = Automatic;
				DEVELOPMENT_TEAM = HR84A76Z27;
				INFOPLIST_FILE = spotify/Info.plist;
				IPHONEOS_DEPLOYMENT_TARGET = 14.5;
				LD_RUNPATH_SEARCH_PATHS = (
					"$(inherited)",
					"@executable_path/Frameworks",
				);
				PRODUCT_BUNDLE_IDENTIFIER = tv.demo.spotify;
				PRODUCT_NAME = "$(TARGET_NAME)";
				SWIFT_VERSION = 5.0;
				TARGETED_DEVICE_FAMILY = "1,2";
			};
			name = Release;
		};
/* End XCBuildConfiguration section */

/* Begin XCConfigurationList section */
		0482F97926A0C03000F4A633 /* Build configuration list for PBXProject "spotify" */ = {
			isa = XCConfigurationList;
			buildConfigurations = (
				0482F99026A0C03200F4A633 /* Debug */,
				0482F99126A0C03200F4A633 /* Release */,
			);
			defaultConfigurationIsVisible = 0;
			defaultConfigurationName = Release;
		};
		0482F99226A0C03200F4A633 /* Build configuration list for PBXNativeTarget "spotify" */ = {
			isa = XCConfigurationList;
			buildConfigurations = (
				0482F99326A0C03200F4A633 /* Debug */,
				0482F99426A0C03200F4A633 /* Release */,
			);
			defaultConfigurationIsVisible = 0;
			defaultConfigurationName = Release;
		};
/* End XCConfigurationList section */
	};
	rootObject = 0482F97626A0C03000F4A633 /* Project object */;
}
